
Microsoft Visual Studio Solution File, Format Version 12.00
# Visual Studio Version 17
VisualStudioVersion = 17.7.34031.279
MinimumVisualStudioVersion = 10.0.40219.1
Project("{9A19103F-16F7-4668-BE54-9A1E7A4F7556}") = "ViApi", "ViApi.csproj", "{90795BA8-4DEA-46FF-80A5-047617154EAF}"
EndProject
Global
	GlobalSection(SolutionConfigurationPlatforms) = preSolution
		Debug|Any CPU = Debug|Any CPU
		Release|Any CPU = Release|Any CPU
	EndGlobalSection
	GlobalSection(ProjectConfigurationPlatforms) = postSolution
		{90795BA8-4DEA-46FF-80A5-047617154EAF}.Debug|Any CPU.ActiveCfg = Debug|Any CPU
		{90795BA8-4DEA-46FF-80A5-047617154EAF}.Debug|Any CPU.Build.0 = Debug|Any CPU
		{90795BA8-4DEA-46FF-80A5-047617154EAF}.Release|Any CPU.ActiveCfg = Release|Any CPU
		{90795BA8-4DEA-46FF-80A5-047617154EAF}.Release|Any CPU.Build.0 = Release|Any CPU
	EndGlobalSection
	GlobalSection(SolutionProperties) = preSolution
		HideSolutionNode = FALSE
	EndGlobalSection
	GlobalSection(ExtensibilityGlobals) = postSolution
		SolutionGuid = {47206F15-F05D-4297-8CCA-C3529A5E8DB5}
	EndGlobalSection
EndGlobal
